<?xml version="1.0" encoding="UTF-8" standalone="yes" ?>
<CodeBlocks_project_file>
	<FileVersion major="1" minor="6" />
	<Project>
		<Option title="ProgObjet" />
		<Option pch_mode="2" />
		<Option compiler="gcc" />
		<Build>
			<Target title="Debug">
				<Option output="bin/Debug/ProgObjet" prefix_auto="1" extension_auto="1" />
				<Option object_output="obj/Debug/" />
				<Option type="1" />
				<Option compiler="gcc" />
				<Compiler>
					<Add option="-g" />
					<Add directory="include" />
				</Compiler>
			</Target>
			<Target title="Release">
				<Option output="bin/Release/ProgObjet" prefix_auto="1" extension_auto="1" />
				<Option object_output="obj/Release/" />
				<Option type="1" />
				<Option compiler="gcc" />
				<Compiler>
					<Add option="-O2" />
					<Add directory="include" />
				</Compiler>
				<Linker>
					<Add option="-s" />
				</Linker>
			</Target>
		</Build>
		<Compiler>
			<Add option="-Wall" />
			<Add option="-fexceptions" />
		</Compiler>
		<Unit filename="include/Complexe.h" />
		<Unit filename="include/Constructeur.h" />
		<Unit filename="include/Encapsulation.h" />
		<Unit filename="include/PrivatePublic.h" />
		<Unit filename="include/heritage.h" />
		<Unit filename="include/surchOperateur.h" />
		<Unit filename="main.cpp" />
		<Unit filename="src/Complexe.cpp" />
		<Unit filename="src/Constructeur.cpp" />
		<Unit filename="src/Encapsulation.cpp" />
		<Unit filename="src/PrivatePublic.cpp" />
		<Unit filename="src/heritage.cpp" />
		<Unit filename="src/surchOperateur.cpp" />
		<Extensions>
			<code_completion />
			<envvars />
			<debugger />
		</Extensions>
	</Project>
</CodeBlocks_project_file>
